{
    "_readme": [
        "This file locks the dependencies of your project to a known state",
        "Read more about it at https://getcomposer.org/doc/01-basic-usage.md#composer-lock-the-lock-file",
        "This file is @generated automatically"
    ],
    "hash": "df31299fd03634a54ad8afe84c0c917f",
    "content-hash": "6d5ec12d8ed6b6060e2ed62cbaf1b540",
    "packages": [
        {
            "name": "chippyash/strong-type",
            "version": "3.0.2",
            "source": {
                "type": "git",
                "url": "https://github.com/chippyash/Strong-Type.git",
                "reference": "334e6fd51ee5f419b16ad43b8b17bd132580af9e"
            },
            "dist": {
                "type": "zip",
                "url": "https://api.github.com/repos/chippyash/Strong-Type/zipball/334e6fd51ee5f419b16ad43b8b17bd132580af9e",
                "reference": "334e6fd51ee5f419b16ad43b8b17bd132580af9e",
                "shasum": ""
            },
            "require": {
                "php": ">=5.3"
            },
            "require-dev": {
                "codeclimate/php-test-reporter": "dev-master",
                "phpunit/phpunit": "~4.3.0"
            },
            "type": "library",
            "autoload": {
                "psr-0": {
                    "Chippyash\\Type\\": "src",
                    "Chippyash\\Zend\\": "src"
                }
            },
            "notification-url": "https://packagist.org/downloads/",
            "license": [
                "GPL 3.0"
            ],
            "authors": [
                {
                    "name": "Ashley Kitson",
                    "email": "ashley@zf4.biz"
                }
            ],
            "description": "Strong type support. For when you absolutely want to know what you are getting",
            "homepage": "http://zf4.biz/packages?utm_source=packagist&utm_medium=web&utm_campaign=blinks&utm_content=strongtype",
            "keywords": [
                "complex",
                "declared",
                "fractions",
                "hard",
                "maths",
                "polar",
                "rational",
                "strong",
                "types"
            ],
            "time": "2016-06-07 05:05:39"
        },
        {
            "name": "symfony/polyfill-mbstring",
            "version": "v1.7.0",
            "source": {
                "type": "git",
                "url": "https://github.com/symfony/polyfill-mbstring.git",
                "reference": "78be803ce01e55d3491c1397cf1c64beb9c1b63b"
            },
            "dist": {
                "type": "zip",
                "url": "https://api.github.com/repos/symfony/polyfill-mbstring/zipball/78be803ce01e55d3491c1397cf1c64beb9c1b63b",
                "reference": "78be803ce01e55d3491c1397cf1c64beb9c1b63b",
                "shasum": ""
            },
            "require": {
                "php": ">=5.3.3"
            },
            "suggest": {
                "ext-mbstring": "For best performance"
            },
            "type": "library",
            "extra": {
                "branch-alias": {
                    "dev-master": "1.7-dev"
                }
            },
            "autoload": {
                "psr-4": {
                    "Symfony\\Polyfill\\Mbstring\\": ""
                },
                "files": [
                    "bootstrap.php"
                ]
            },
            "notification-url": "https://packagist.org/downloads/",
            "license": [
                "MIT"
            ],
            "authors": [
                {
                    "name": "Nicolas Grekas",
                    "email": "p@tchwork.com"
                },
                {
                    "name": "Symfony Community",
                    "homepage": "https://symfony.com/contributors"
                }
            ],
            "description": "Symfony polyfill for the Mbstring extension",
            "homepage": "https://symfony.com",
            "keywords": [
                "compatibility",
                "mbstring",
                "polyfill",
                "portable",
                "shim"
            ],
            "time": "2018-01-30 19:27:44"
        },
        {
            "name": "symfony/var-dumper",
            "version": "v3.4.4",
            "source": {
                "type": "git",
                "url": "https://github.com/symfony/var-dumper.git",
                "reference": "472a9849930cf21f73abdb02240f17cf5b5bd1a7"
            },
            "dist": {
                "type": "zip",
                "url": "https://api.github.com/repos/symfony/var-dumper/zipball/472a9849930cf21f73abdb02240f17cf5b5bd1a7",
                "reference": "472a9849930cf21f73abdb02240f17cf5b5bd1a7",
                "shasum": ""
            },
            "require": {
                "php": "^5.5.9|>=7.0.8",
                "symfony/polyfill-mbstring": "~1.0"
            },
            "conflict": {
                "phpunit/phpunit": "<4.8.35|<5.4.3,>=5.0"
            },
            "require-dev": {
                "ext-iconv": "*",
                "twig/twig": "~1.34|~2.4"
            },
            "suggest": {
                "ext-iconv": "To convert non-UTF-8 strings to UTF-8 (or symfony/polyfill-iconv in case ext-iconv cannot be used).",
                "ext-intl": "To show region name in time zone dump",
                "ext-symfony_debug": ""
            },
            "type": "library",
            "extra": {
                "branch-alias": {
                    "dev-master": "3.4-dev"
                }
            },
            "autoload": {
                "files": [
                    "Resources/functions/dump.php"
                ],
                "psr-4": {
                    "Symfony\\Component\\VarDumper\\": ""
                },
                "exclude-from-classmap": [
                    "/Tests/"
                ]
            },
            "notification-url": "https://packagist.org/downloads/",
            "license": [
                "MIT"
            ],
            "authors": [
                {
                    "name": "Nicolas Grekas",
                    "email": "p@tchwork.com"
                },
                {
                    "name": "Symfony Community",
                    "homepage": "https://symfony.com/contributors"
                }
            ],
            "description": "Symfony mechanism for exploring and dumping PHP variables",
            "homepage": "https://symfony.com",
            "keywords": [
                "debug",
                "dump"
            ],
            "time": "2018-01-29 09:03:43"
        },
        {
            "name": "vbpupil/measurement-converter",
            "version": "1.0.0",
            "source": {
                "type": "git",
                "url": "https://github.com/vbpupil/measurement-converter.git",
                "reference": "878e13c65a453c70baf8959e7657cfff6a27e3e7"
            },
            "dist": {
                "type": "zip",
                "url": "https://api.github.com/repos/vbpupil/measurement-converter/zipball/878e13c65a453c70baf8959e7657cfff6a27e3e7",
                "reference": "878e13c65a453c70baf8959e7657cfff6a27e3e7",
                "shasum": ""
            },
            "require": {
                "chippyash/strong-type": "^3.0",
                "symfony/var-dumper": "^3.3"
            },
            "require-dev": {
                "phpunit/phpunit": "<=5.7.1"
            },
            "type": "library",
            "autoload": {
                "psr-4": {
                    "vbpupil\\": "src"
                }
            },
            "notification-url": "https://packagist.org/downloads/",
            "license": [
                "MIT"
            ],
            "description": "A simple but effective measurement converter which allows you to quickly create measurement objects that can be easily converted into other measurement formats, for example converting an Imperial measurement into Metric.",
            "time": "2017-09-12 19:19:33"
        }
    ],
    "packages-dev": [],
    "aliases": [],
    "minimum-stability": "stable",
    "stability-flags": [],
    "prefer-stable": false,
    "prefer-lowest": false,
    "platform": {
        "php": ">=5.6"
    },
    "platform-dev": []
}
